# This file is automatically @generated by Cargo.
# It is not intended for manual editing.
version = 4

[[package]]
name = "bms-parser"
version = "0.1.0"

[[package]]
name = "bms-processor"
version = "0.1.0"

[[package]]
name = "bms-tokenizer"
version = "0.1.0"

[[package]]
name = "bmson-de-chumsky"
version = "0.1.0"

[[package]]
name = "bmson-def"
version = "0.1.0"

[[package]]
name = "bmson-processor"
version = "0.1.0"

[[package]]
name = "bmson-ser"
version = "0.1.0"

[[package]]
name = "bmsrs-player"
version = "0.1.0"

[[package]]
name = "bmsrs-processor"
version = "0.1.0"
